
Microsoft Visual Studio Solution File, Format Version 12.00
# Visual Studio 15
VisualStudioVersion = 15.0.27130.2020
MinimumVisualStudioVersion = 10.0.40219.1
Project("{FAE04EC0-301F-11D3-BF4B-00C04F79EFBC}") = "AspNetSampleBlog", "AspNetSampleBlog\AspNetSampleBlog.csproj", "{B10749A2-8E53-441D-A026-C7FE720F253A}"
EndProject
Project("{FAE04EC0-301F-11D3-BF4B-00C04F79EFBC}") = "AspNetSampleBlog.Tests", "AspNetSampleBlog.Tests\AspNetSampleBlog.Tests.csproj", "{2377BF56-D99B-414A-BBA4-6614CF998AB8}"
EndProject
Project("{FAE04EC0-301F-11D3-BF4B-00C04F79EFBC}") = "AspNetSampleBlog.Domain", "AspNetSampleBlog.Domain\AspNetSampleBlog.Domain.csproj", "{D404ABB6-C581-4E18-B325-CDFD67486301}"
EndProject
Global
	GlobalSection(SolutionConfigurationPlatforms) = preSolution
		Debug|Any CPU = Debug|Any CPU
		Release|Any CPU = Release|Any CPU
	EndGlobalSection
	GlobalSection(ProjectConfigurationPlatforms) = postSolution
		{B10749A2-8E53-441D-A026-C7FE720F253A}.Debug|Any CPU.ActiveCfg = Debug|Any CPU
		{B10749A2-8E53-441D-A026-C7FE720F253A}.Debug|Any CPU.Build.0 = Debug|Any CPU
		{B10749A2-8E53-441D-A026-C7FE720F253A}.Release|Any CPU.ActiveCfg = Release|Any CPU
		{B10749A2-8E53-441D-A026-C7FE720F253A}.Release|Any CPU.Build.0 = Release|Any CPU
		{2377BF56-D99B-414A-BBA4-6614CF998AB8}.Debug|Any CPU.ActiveCfg = Debug|Any CPU
		{2377BF56-D99B-414A-BBA4-6614CF998AB8}.Debug|Any CPU.Build.0 = Debug|Any CPU
		{2377BF56-D99B-414A-BBA4-6614CF998AB8}.Release|Any CPU.ActiveCfg = Release|Any CPU
		{2377BF56-D99B-414A-BBA4-6614CF998AB8}.Release|Any CPU.Build.0 = Release|Any CPU
		{D404ABB6-C581-4E18-B325-CDFD67486301}.Debug|Any CPU.ActiveCfg = Debug|Any CPU
		{D404ABB6-C581-4E18-B325-CDFD67486301}.Debug|Any CPU.Build.0 = Debug|Any CPU
		{D404ABB6-C581-4E18-B325-CDFD67486301}.Release|Any CPU.ActiveCfg = Release|Any CPU
		{D404ABB6-C581-4E18-B325-CDFD67486301}.Release|Any CPU.Build.0 = Release|Any CPU
	EndGlobalSection
	GlobalSection(SolutionProperties) = preSolution
		HideSolutionNode = FALSE
	EndGlobalSection
	GlobalSection(ExtensibilityGlobals) = postSolution
		SolutionGuid = {9DA95FC9-C59F-4B27-B2BB-EA1A43D9F84D}
	EndGlobalSection
EndGlobal
